
Microsoft Visual Studio Solution File, Format Version 12.00
# Visual Studio 14
VisualStudioVersion = 14.0.24720.0
MinimumVisualStudioVersion = 10.0.40219.1
Project("{FAE04EC0-301F-11D3-BF4B-00C04F79EFBC}") = "UDPClient", "DiscoverIP\UDPClient.csproj", "{52E61CA4-95BC-4E23-A73A-7A9297D98D63}"
EndProject
Project("{FAE04EC0-301F-11D3-BF4B-00C04F79EFBC}") = "UDPServer", "UDPServer\UDPServer.csproj", "{60D7084A-947E-475D-940D-2D4E4CA30FFC}"
EndProject
Global
	GlobalSection(SolutionConfigurationPlatforms) = preSolution
		Debug|Any CPU = Debug|Any CPU
		Release|Any CPU = Release|Any CPU
	EndGlobalSection
	GlobalSection(ProjectConfigurationPlatforms) = postSolution
		{52E61CA4-95BC-4E23-A73A-7A9297D98D63}.Debug|Any CPU.ActiveCfg = Debug|Any CPU
		{52E61CA4-95BC-4E23-A73A-7A9297D98D63}.Debug|Any CPU.Build.0 = Debug|Any CPU
		{52E61CA4-95BC-4E23-A73A-7A9297D98D63}.Release|Any CPU.ActiveCfg = Release|Any CPU
		{52E61CA4-95BC-4E23-A73A-7A9297D98D63}.Release|Any CPU.Build.0 = Release|Any CPU
		{60D7084A-947E-475D-940D-2D4E4CA30FFC}.Debug|Any CPU.ActiveCfg = Debug|Any CPU
		{60D7084A-947E-475D-940D-2D4E4CA30FFC}.Debug|Any CPU.Build.0 = Debug|Any CPU
		{60D7084A-947E-475D-940D-2D4E4CA30FFC}.Release|Any CPU.ActiveCfg = Release|Any CPU
		{60D7084A-947E-475D-940D-2D4E4CA30FFC}.Release|Any CPU.Build.0 = Release|Any CPU
	EndGlobalSection
	GlobalSection(SolutionProperties) = preSolution
		HideSolutionNode = FALSE
	EndGlobalSection
EndGlobal
